// !$*UTF8*$!
{
	archiveVersion = 1;
	classes = {
	};
	objectVersion = 50;
	objects = {

/* Begin PBXBuildFile section */
		CF085E0A250F1438006F3B55 /* Stack.swift in Sources */ = {isa = PBXBuildFile; fileRef = CF085E09250F1438006F3B55 /* Stack.swift */; };
		CFE7F588250EF50E003C7F3D /* AppDelegate.swift in Sources */ = {isa = PBXBuildFile; fileRef = CFE7F587250EF50E003C7F3D /* AppDelegate.swift */; };
		CFE7F58A250EF50E003C7F3D /* SceneDelegate.swift in Sources */ = {isa = PBXBuildFile; fileRef = CFE7F589250EF50E003C7F3D /* SceneDelegate.swift */; };
		CFE7F58C250EF50E003C7F3D /* ViewController.swift in Sources */ = {isa = PBXBuildFile; fileRef = CFE7F58B250EF50E003C7F3D /* ViewController.swift */; };
		CFE7F58F250EF50E003C7F3D /* Main.storyboard in Resources */ = {isa = PBXBuildFile; fileRef = CFE7F58D250EF50E003C7F3D /* Main.storyboard */; };
		CFE7F591250EF50F003C7F3D /* Assets.xcassets in Resources */ = {isa = PBXBuildFile; fileRef = CFE7F590250EF50F003C7F3D /* Assets.xcassets */; };
		CFE7F594250EF50F003C7F3D /* LaunchScreen.storyboard in Resources */ = {isa = PBXBuildFile; fileRef = CFE7F592250EF50F003C7F3D /* LaunchScreen.storyboard */; };
/* End PBXBuildFile section */

/* Begin PBXFileReference section */
		CF085E09250F1438006F3B55 /* Stack.swift */ = {isa = PBXFileReference; lastKnownFileType = sourcecode.swift; path = Stack.swift; sourceTree = "<group>"; };
		CFE7F584250EF50E003C7F3D /* useGPS.app */ = {isa = PBXFileReference; explicitFileType = wrapper.application; includeInIndex = 0; path = useGPS.app; sourceTree = BUILT_PRODUCTS_DIR; };
		CFE7F587250EF50E003C7F3D /* AppDelegate.swift */ = {isa = PBXFileReference; lastKnownFileType = sourcecode.swift; path = AppDelegate.swift; sourceTree = "<group>"; };
		CFE7F589250EF50E003C7F3D /* SceneDelegate.swift */ = {isa = PBXFileReference; lastKnownFileType = sourcecode.swift; path = SceneDelegate.swift; sourceTree = "<group>"; };
		CFE7F58B250EF50E003C7F3D /* ViewController.swift */ = {isa = PBXFileReference; lastKnownFileType = sourcecode.swift; path = ViewController.swift; sourceTree = "<group>"; };
		CFE7F58E250EF50E003C7F3D /* Base */ = {isa = PBXFileReference; lastKnownFileType = file.storyboard; name = Base; path = Base.lproj/Main.storyboard; sourceTree = "<group>"; };
		CFE7F590250EF50F003C7F3D /* Assets.xcassets */ = {isa = PBXFileReference; lastKnownFileType = folder.assetcatalog; path = Assets.xcassets; sourceTree = "<group>"; };
		CFE7F593250EF50F003C7F3D /* Base */ = {isa = PBXFileReference; lastKnownFileType = file.storyboard; name = Base; path = Base.lproj/LaunchScreen.storyboard; sourceTree = "<group>"; };
		CFE7F595250EF50F003C7F3D /* Info.plist */ = {isa = PBXFileReference; lastKnownFileType = text.plist.xml; path = Info.plist; sourceTree = "<group>"; };
/* End PBXFileReference section */

/* Begin PBXFrameworksBuildPhase section */
		CFE7F581250EF50E003C7F3D /* Frameworks */ = {
			isa = PBXFrameworksBuildPhase;
			buildActionMask = 2147483647;
			files = (
			);
			runOnlyForDeploymentPostprocessing = 0;
		};
/* End PBXFrameworksBuildPhase section */

/* Begin PBXGroup section */
		CFE7F57B250EF50E003C7F3D = {
			isa = PBXGroup;
			children = (
				CFE7F586250EF50E003C7F3D /* useGPS */,
				CFE7F585250EF50E003C7F3D /* Products */,
			);
			sourceTree = "<group>";
		};
		CFE7F585250EF50E003C7F3D /* Products */ = {
			isa = PBXGroup;
			children = (
				CFE7F584250EF50E003C7F3D /* useGPS.app */,
			);
			name = Products;
			sourceTree = "<group>";
		};
		CFE7F586250EF50E003C7F3D /* useGPS */ = {
			isa = PBXGroup;
			children = (
				CFE7F587250EF50E003C7F3D /* AppDelegate.swift */,
				CFE7F589250EF50E003C7F3D /* SceneDelegate.swift */,
				CFE7F58B250EF50E003C7F3D /* ViewController.swift */,
				CF085E09250F1438006F3B55 /* Stack.swift */,
				CFE7F58D250EF50E003C7F3D /* Main.storyboard */,
				CFE7F590250EF50F003C7F3D /* Assets.xcassets */,
				CFE7F592250EF50F003C7F3D /* LaunchScreen.storyboard */,
				CFE7F595250EF50F003C7F3D /* Info.plist */,
			);
			path = useGPS;
			sourceTree = "<group>";
		};
/* End PBXGroup section */

/* Begin PBXNativeTarget section */
		CFE7F583250EF50E003C7F3D /* useGPS */ = {
			isa = PBXNativeTarget;
			buildConfigurationList = CFE7F598250EF50F003C7F3D /* Build configuration list for PBXNativeTarget "useGPS" */;
			buildPhases = (
				CFE7F580250EF50E003C7F3D /* Sources */,
				CFE7F581250EF50E003C7F3D /* Frameworks */,
				CFE7F582250EF50E003C7F3D /* Resources */,
			);
			buildRules = (
			);
			dependencies = (
			);
			name = useGPS;
			productName = useGPS;
			productReference = CFE7F584250EF50E003C7F3D /* useGPS.app */;
			productType = "com.apple.product-type.application";
		};
/* End PBXNativeTarget section */

/* Begin PBXProject section */
		CFE7F57C250EF50E003C7F3D /* Project object */ = {
			isa = PBXProject;
			attributes = {
				LastSwiftUpdateCheck = 1170;
				LastUpgradeCheck = 1170;
				ORGANIZATIONNAME = "Daichi Yoshikawa";
				TargetAttributes = {
					CFE7F583250EF50E003C7F3D = {
						CreatedOnToolsVersion = 11.7;
					};
				};
			};
			buildConfigurationList = CFE7F57F250EF50E003C7F3D /* Build configuration list for PBXProject "useGPS" */;
			compatibilityVersion = "Xcode 9.3";
			developmentRegion = en;
			hasScannedForEncodings = 0;
			knownRegions = (
				en,
				Base,
			);
			mainGroup = CFE7F57B250EF50E003C7F3D;
			productRefGroup = CFE7F585250EF50E003C7F3D /* Products */;
			projectDirPath = "";
			projectRoot = "";
			targets = (
				CFE7F583250EF50E003C7F3D /* useGPS */,
			);
		};
/* End PBXProject section */

/* Begin PBXResourcesBuildPhase section */
		CFE7F582250EF50E003C7F3D /* Resources */ = {
			isa = PBXResourcesBuildPhase;
			buildActionMask = 2147483647;
			files = (
				CFE7F594250EF50F003C7F3D /* LaunchScreen.storyboard in Resources */,
				CFE7F591250EF50F003C7F3D /* Assets.xcassets in Resources */,
				CFE7F58F250EF50E003C7F3D /* Main.storyboard in Resources */,
			);
			runOnlyForDeploymentPostprocessing = 0;
		};
/* End PBXResourcesBuildPhase section */

/* Begin PBXSourcesBuildPhase section */
		CFE7F580250EF50E003C7F3D /* Sources */ = {
			isa = PBXSourcesBuildPhase;
			buildActionMask = 2147483647;
			files = (
				CF085E0A250F1438006F3B55 /* Stack.swift in Sources */,
				CFE7F58C250EF50E003C7F3D /* ViewController.swift in Sources */,
				CFE7F588250EF50E003C7F3D /* AppDelegate.swift in Sources */,
				CFE7F58A250EF50E003C7F3D /* SceneDelegate.swift in Sources */,
			);
			runOnlyForDeploymentPostprocessing = 0;
		};
/* End PBXSourcesBuildPhase section */

/* Begin PBXVariantGroup section */
		CFE7F58D250EF50E003C7F3D /* Main.storyboard */ = {
			isa = PBXVariantGroup;
			children = (
				CFE7F58E250EF50E003C7F3D /* Base */,
			);
			name = Main.storyboard;
			sourceTree = "<group>";
		};
		CFE7F592250EF50F003C7F3D /* LaunchScreen.storyboard */ = {
			isa = PBXVariantGroup;
			children = (
				CFE7F593250EF50F003C7F3D /* Base */,
			);
			name = LaunchScreen.storyboard;
			sourceTree = "<group>";
		};
/* End PBXVariantGroup section */

/* Begin XCBuildConfiguration section */
		CFE7F596250EF50F003C7F3D /* Debug */ = {
			isa = XCBuildConfiguration;
			buildSettings = {
				ALWAYS_SEARCH_USER_PATHS = NO;
				CLANG_ANALYZER_NONNULL = YES;
				CLANG_ANALYZER_NUMBER_OBJECT_CONVERSION = YES_AGGRESSIVE;
				CLANG_CXX_LANGUAGE_STANDARD = "gnu++14";
				CLANG_CXX_LIBRARY = "libc++";
				CLANG_ENABLE_MODULES = YES;
				CLANG_ENABLE_OBJC_ARC = YES;
				CLANG_ENABLE_OBJC_WEAK = YES;
				CLANG_WARN_BLOCK_CAPTURE_AUTORELEASING = YES;
				CLANG_WARN_BOOL_CONVERSION = YES;
				CLANG_WARN_COMMA = YES;
				CLANG_WARN_CONSTANT_CONVERSION = YES;
				CLANG_WARN_DEPRECATED_OBJC_IMPLEMENTATIONS = YES;
				CLANG_WARN_DIRECT_OBJC_ISA_USAGE = YES_ERROR;
				CLANG_WARN_DOCUMENTATION_COMMENTS = YES;
				CLANG_WARN_EMPTY_BODY = YES;
				CLANG_WARN_ENUM_CONVERSION = YES;
				CLANG_WARN_INFINITE_RECURSION = YES;
				CLANG_WARN_INT_CONVERSION = YES;
				CLANG_WARN_NON_LITERAL_NULL_CONVERSION = YES;
				CLANG_WARN_OBJC_IMPLICIT_RETAIN_SELF = YES;
				CLANG_WARN_OBJC_LITERAL_CONVERSION = YES;
				CLANG_WARN_OBJC_ROOT_CLASS = YES_ERROR;
				CLANG_WARN_RANGE_LOOP_ANALYSIS = YES;
				CLANG_WARN_STRICT_PROTOTYPES = YES;
				CLANG_WARN_SUSPICIOUS_MOVE = YES;
				CLANG_WARN_UNGUARDED_AVAILABILITY = YES_AGGRESSIVE;
				CLANG_WARN_UNREACHABLE_CODE = YES;
				CLANG_WARN__DUPLICATE_METHOD_MATCH = YES;
				COPY_PHASE_STRIP = NO;
				DEBUG_INFORMATION_FORMAT = dwarf;
				ENABLE_STRICT_OBJC_MSGSEND = YES;
				ENABLE_TESTABILITY = YES;
				GCC_C_LANGUAGE_STANDARD = gnu11;
				GCC_DYNAMIC_NO_PIC = NO;
				GCC_NO_COMMON_BLOCKS = YES;
				GCC_OPTIMIZATION_LEVEL = 0;
				GCC_PREPROCESSOR_DEFINITIONS = (
					"DEBUG=1",
					"$(inherited)",
				);
				GCC_WARN_64_TO_32_BIT_CONVERSION = YES;
				GCC_WARN_ABOUT_RETURN_TYPE = YES_ERROR;
				GCC_WARN_UNDECLARED_SELECTOR = YES;
				GCC_WARN_UNINITIALIZED_AUTOS = YES_AGGRESSIVE;
				GCC_WARN_UNUSED_FUNCTION = YES;
				GCC_WARN_UNUSED_VARIABLE = YES;
				IPHONEOS_DEPLOYMENT_TARGET = 13.7;
				MTL_ENABLE_DEBUG_INFO = INCLUDE_SOURCE;
				MTL_FAST_MATH = YES;
				ONLY_ACTIVE_ARCH = YES;
				SDKROOT = iphoneos;
				SWIFT_ACTIVE_COMPILATION_CONDITIONS = DEBUG;
				SWIFT_OPTIMIZATION_LEVEL = "-Onone";
			};
			name = Debug;
		};
		CFE7F597250EF50F003C7F3D /* Release */ = {
			isa = XCBuildConfiguration;
			buildSettings = {
				ALWAYS_SEARCH_USER_PATHS = NO;
				CLANG_ANALYZER_NONNULL = YES;
				CLANG_ANALYZER_NUMBER_OBJECT_CONVERSION = YES_AGGRESSIVE;
				CLANG_CXX_LANGUAGE_STANDARD = "gnu++14";
				CLANG_CXX_LIBRARY = "libc++";
				CLANG_ENABLE_MODULES = YES;
				CLANG_ENABLE_OBJC_ARC = YES;
				CLANG_ENABLE_OBJC_WEAK = YES;
				CLANG_WARN_BLOCK_CAPTURE_AUTORELEASING = YES;
				CLANG_WARN_BOOL_CONVERSION = YES;
				CLANG_WARN_COMMA = YES;
				CLANG_WARN_CONSTANT_CONVERSION = YES;
				CLANG_WARN_DEPRECATED_OBJC_IMPLEMENTATIONS = YES;
				CLANG_WARN_DIRECT_OBJC_ISA_USAGE = YES_ERROR;
				CLANG_WARN_DOCUMENTATION_COMMENTS = YES;
				CLANG_WARN_EMPTY_BODY = YES;
				CLANG_WARN_ENUM_CONVERSION = YES;
				CLANG_WARN_INFINITE_RECURSION = YES;
				CLANG_WARN_INT_CONVERSION = YES;
				CLANG_WARN_NON_LITERAL_NULL_CONVERSION = YES;
				CLANG_WARN_OBJC_IMPLICIT_RETAIN_SELF = YES;
				CLANG_WARN_OBJC_LITERAL_CONVERSION = YES;
				CLANG_WARN_OBJC_ROOT_CLASS = YES_ERROR;
				CLANG_WARN_RANGE_LOOP_ANALYSIS = YES;
				CLANG_WARN_STRICT_PROTOTYPES = YES;
				CLANG_WARN_SUSPICIOUS_MOVE = YES;
				CLANG_WARN_UNGUARDED_AVAILABILITY = YES_AGGRESSIVE;
				CLANG_WARN_UNREACHABLE_CODE = YES;
				CLANG_WARN__DUPLICATE_METHOD_MATCH = YES;
				COPY_PHASE_STRIP = NO;
				DEBUG_INFORMATION_FORMAT = "dwarf-with-dsym";
				ENABLE_NS_ASSERTIONS = NO;
				ENABLE_STRICT_OBJC_MSGSEND = YES;
				GCC_C_LANGUAGE_STANDARD = gnu11;
				GCC_NO_COMMON_BLOCKS = YES;
				GCC_WARN_64_TO_32_BIT_CONVERSION = YES;
				GCC_WARN_ABOUT_RETURN_TYPE = YES_ERROR;
				GCC_WARN_UNDECLARED_SELECTOR = YES;
				GCC_WARN_UNINITIALIZED_AUTOS = YES_AGGRESSIVE;
				GCC_WARN_UNUSED_FUNCTION = YES;
				GCC_WARN_UNUSED_VARIABLE = YES;
				IPHONEOS_DEPLOYMENT_TARGET = 13.7;
				MTL_ENABLE_DEBUG_INFO = NO;
				MTL_FAST_MATH = YES;
				SDKROOT = iphoneos;
				SWIFT_COMPILATION_MODE = wholemodule;
				SWIFT_OPTIMIZATION_LEVEL = "-O";
				VALIDATE_PRODUCT = YES;
			};
			name = Release;
		};
		CFE7F599250EF50F003C7F3D /* Debug */ = {
			isa = XCBuildConfiguration;
			buildSettings = {
				ASSETCATALOG_COMPILER_APPICON_NAME = AppIcon;
				CODE_SIGN_STYLE = Automatic;
				DEVELOPMENT_TEAM = 7858FD9A4H;
				INFOPLIST_FILE = useGPS/Info.plist;
				IPHONEOS_DEPLOYMENT_TARGET = 13.5;
				LD_RUNPATH_SEARCH_PATHS = (
					"$(inherited)",
					"@executable_path/Frameworks",
				);
				PRODUCT_BUNDLE_IDENTIFIER = yossi.useGPS;
				PRODUCT_NAME = "$(TARGET_NAME)";
				SWIFT_VERSION = 5.0;
				TARGETED_DEVICE_FAMILY = "1,2";
			};
			name = Debug;
		};
		CFE7F59A250EF50F003C7F3D /* Release */ = {
			isa = XCBuildConfiguration;
			buildSettings = {
				ASSETCATALOG_COMPILER_APPICON_NAME = AppIcon;
				CODE_SIGN_STYLE = Automatic;
				DEVELOPMENT_TEAM = 7858FD9A4H;
				INFOPLIST_FILE = useGPS/Info.plist;
				IPHONEOS_DEPLOYMENT_TARGET = 13.5;
				LD_RUNPATH_SEARCH_PATHS = (
					"$(inherited)",
					"@executable_path/Frameworks",
				);
				PRODUCT_BUNDLE_IDENTIFIER = yossi.useGPS;
				PRODUCT_NAME = "$(TARGET_NAME)";
				SWIFT_VERSION = 5.0;
				TARGETED_DEVICE_FAMILY = "1,2";
			};
			name = Release;
		};
/* End XCBuildConfiguration section */

/* Begin XCConfigurationList section */
		CFE7F57F250EF50E003C7F3D /* Build configuration list for PBXProject "useGPS" */ = {
			isa = XCConfigurationList;
			buildConfigurations = (
				CFE7F596250EF50F003C7F3D /* Debug */,
				CFE7F597250EF50F003C7F3D /* Release */,
			);
			defaultConfigurationIsVisible = 0;
			defaultConfigurationName = Release;
		};
		CFE7F598250EF50F003C7F3D /* Build configuration list for PBXNativeTarget "useGPS" */ = {
			isa = XCConfigurationList;
			buildConfigurations = (
				CFE7F599250EF50F003C7F3D /* Debug */,
				CFE7F59A250EF50F003C7F3D /* Release */,
			);
			defaultConfigurationIsVisible = 0;
			defaultConfigurationName = Release;
		};
/* End XCConfigurationList section */
	};
	rootObject = CFE7F57C250EF50E003C7F3D /* Project object */;
}
